// !$*UTF8*$!
{
	archiveVersion = 1;
	classes = {
	};
	objectVersion = 46;
	objects = {

/* Begin PBXBuildFile section */
		9E04228D1E86B047005DBA4E /* AppDelegate.swift in Sources */ = {isa = PBXBuildFile; fileRef = 9E04228C1E86B047005DBA4E /* AppDelegate.swift */; };
		9E04228F1E86B047005DBA4E /* ViewController.swift in Sources */ = {isa = PBXBuildFile; fileRef = 9E04228E1E86B047005DBA4E /* ViewController.swift */; };
		9E0422921E86B047005DBA4E /* Main.storyboard in Resources */ = {isa = PBXBuildFile; fileRef = 9E0422901E86B047005DBA4E /* Main.storyboard */; };
		9E0422941E86B047005DBA4E /* Assets.xcassets in Resources */ = {isa = PBXBuildFile; fileRef = 9E0422931E86B047005DBA4E /* Assets.xcassets */; };
		9E0422971E86B047005DBA4E /* LaunchScreen.storyboard in Resources */ = {isa = PBXBuildFile; fileRef = 9E0422951E86B047005DBA4E /* LaunchScreen.storyboard */; };
/* End PBXBuildFile section */

/* Begin PBXFileReference section */
		9E0422891E86B047005DBA4E /* hamburguesasEnElMundo.app */ = {isa = PBXFileReference; explicitFileType = wrapper.application; includeInIndex = 0; path = hamburguesasEnElMundo.app; sourceTree = BUILT_PRODUCTS_DIR; };
		9E04228C1E86B047005DBA4E /* AppDelegate.swift */ = {isa = PBXFileReference; lastKnownFileType = sourcecode.swift; path = AppDelegate.swift; sourceTree = "<group>"; };
		9E04228E1E86B047005DBA4E /* ViewController.swift */ = {isa = PBXFileReference; lastKnownFileType = sourcecode.swift; path = ViewController.swift; sourceTree = "<group>"; };
		9E0422911E86B047005DBA4E /* Base */ = {isa = PBXFileReference; lastKnownFileType = file.storyboard; name = Base; path = Base.lproj/Main.storyboard; sourceTree = "<group>"; };
		9E0422931E86B047005DBA4E /* Assets.xcassets */ = {isa = PBXFileReference; lastKnownFileType = folder.assetcatalog; path = Assets.xcassets; sourceTree = "<group>"; };
		9E0422961E86B047005DBA4E /* Base */ = {isa = PBXFileReference; lastKnownFileType = file.storyboard; name = Base; path = Base.lproj/LaunchScreen.storyboard; sourceTree = "<group>"; };
		9E0422981E86B047005DBA4E /* Info.plist */ = {isa = PBXFileReference; lastKnownFileType = text.plist.xml; path = Info.plist; sourceTree = "<group>"; };
/* End PBXFileReference section */

/* Begin PBXFrameworksBuildPhase section */
		9E0422861E86B046005DBA4E /* Frameworks */ = {
			isa = PBXFrameworksBuildPhase;
			buildActionMask = 2147483647;
			files = (
			);
			runOnlyForDeploymentPostprocessing = 0;
		};
/* End PBXFrameworksBuildPhase section */

/* Begin PBXGroup section */
		9E0422801E86B046005DBA4E = {
			isa = PBXGroup;
			children = (
				9E04228B1E86B047005DBA4E /* hamburguesasEnElMundo */,
				9E04228A1E86B047005DBA4E /* Products */,
			);
			sourceTree = "<group>";
		};
		9E04228A1E86B047005DBA4E /* Products */ = {
			isa = PBXGroup;
			children = (
				9E0422891E86B047005DBA4E /* hamburguesasEnElMundo.app */,
			);
			name = Products;
			sourceTree = "<group>";
		};
		9E04228B1E86B047005DBA4E /* hamburguesasEnElMundo */ = {
			isa = PBXGroup;
			children = (
				9E04228C1E86B047005DBA4E /* AppDelegate.swift */,
				9E04228E1E86B047005DBA4E /* ViewController.swift */,
				9E0422901E86B047005DBA4E /* Main.storyboard */,
				9E0422931E86B047005DBA4E /* Assets.xcassets */,
				9E0422951E86B047005DBA4E /* LaunchScreen.storyboard */,
				9E0422981E86B047005DBA4E /* Info.plist */,
			);
			path = hamburguesasEnElMundo;
			sourceTree = "<group>";
		};
/* End PBXGroup section */

/* Begin PBXNativeTarget section */
		9E0422881E86B046005DBA4E /* hamburguesasEnElMundo */ = {
			isa = PBXNativeTarget;
			buildConfigurationList = 9E04229B1E86B047005DBA4E /* Build configuration list for PBXNativeTarget "hamburguesasEnElMundo" */;
			buildPhases = (
				9E0422851E86B046005DBA4E /* Sources */,
				9E0422861E86B046005DBA4E /* Frameworks */,
				9E0422871E86B046005DBA4E /* Resources */,
			);
			buildRules = (
			);
			dependencies = (
			);
			name = hamburguesasEnElMundo;
			productName = hamburguesasEnElMundo;
			productReference = 9E0422891E86B047005DBA4E /* hamburguesasEnElMundo.app */;
			productType = "com.apple.product-type.application";
		};
/* End PBXNativeTarget section */

/* Begin PBXProject section */
		9E0422811E86B046005DBA4E /* Project object */ = {
			isa = PBXProject;
			attributes = {
				LastSwiftUpdateCheck = 0820;
				LastUpgradeCheck = 0820;
				ORGANIZATIONNAME = "Sebastian Ferro";
				TargetAttributes = {
					9E0422881E86B046005DBA4E = {
						CreatedOnToolsVersion = 8.2.1;
						DevelopmentTeam = Z242R9UK5Y;
						ProvisioningStyle = Automatic;
					};
				};
			};
			buildConfigurationList = 9E0422841E86B046005DBA4E /* Build configuration list for PBXProject "hamburguesasEnElMundo" */;
			compatibilityVersion = "Xcode 3.2";
			developmentRegion = English;
			hasScannedForEncodings = 0;
			knownRegions = (
				en,
				Base,
			);
			mainGroup = 9E0422801E86B046005DBA4E;
			productRefGroup = 9E04228A1E86B047005DBA4E /* Products */;
			projectDirPath = "";
			projectRoot = "";
			targets = (
				9E0422881E86B046005DBA4E /* hamburguesasEnElMundo */,
			);
		};
/* End PBXProject section */

/* Begin PBXResourcesBuildPhase section */
		9E0422871E86B046005DBA4E /* Resources */ = {
			isa = PBXResourcesBuildPhase;
			buildActionMask = 2147483647;
			files = (
				9E0422971E86B047005DBA4E /* LaunchScreen.storyboard in Resources */,
				9E0422941E86B047005DBA4E /* Assets.xcassets in Resources */,
				9E0422921E86B047005DBA4E /* Main.storyboard in Resources */,
			);
			runOnlyForDeploymentPostprocessing = 0;
		};
/* End PBXResourcesBuildPhase section */

/* Begin PBXSourcesBuildPhase section */
		9E0422851E86B046005DBA4E /* Sources */ = {
			isa = PBXSourcesBuildPhase;
			buildActionMask = 2147483647;
			files = (
				9E04228F1E86B047005DBA4E /* ViewController.swift in Sources */,
				9E04228D1E86B047005DBA4E /* AppDelegate.swift in Sources */,
			);
			runOnlyForDeploymentPostprocessing = 0;
		};
/* End PBXSourcesBuildPhase section */

/* Begin PBXVariantGroup section */
		9E0422901E86B047005DBA4E /* Main.storyboard */ = {
			isa = PBXVariantGroup;
			children = (
				9E0422911E86B047005DBA4E /* Base */,
			);
			name = Main.storyboard;
			sourceTree = "<group>";
		};
		9E0422951E86B047005DBA4E /* LaunchScreen.storyboard */ = {
			isa = PBXVariantGroup;
			children = (
				9E0422961E86B047005DBA4E /* Base */,
			);
			name = LaunchScreen.storyboard;
			sourceTree = "<group>";
		};
/* End PBXVariantGroup section */

/* Begin XCBuildConfiguration section */
		9E0422991E86B047005DBA4E /* Debug */ = {
			isa = XCBuildConfiguration;
			buildSettings = {
				ALWAYS_SEARCH_USER_PATHS = NO;
				CLANG_ANALYZER_NONNULL = YES;
				CLANG_CXX_LANGUAGE_STANDARD = "gnu++0x";
				CLANG_CXX_LIBRARY = "libc++";
				CLANG_ENABLE_MODULES = YES;
				CLANG_ENABLE_OBJC_ARC = YES;
				CLANG_WARN_BOOL_CONVERSION = YES;
				CLANG_WARN_CONSTANT_CONVERSION = YES;
				CLANG_WARN_DIRECT_OBJC_ISA_USAGE = YES_ERROR;
				CLANG_WARN_DOCUMENTATION_COMMENTS = YES;
				CLANG_WARN_EMPTY_BODY = YES;
				CLANG_WARN_ENUM_CONVERSION = YES;
				CLANG_WARN_INFINITE_RECURSION = YES;
				CLANG_WARN_INT_CONVERSION = YES;
				CLANG_WARN_OBJC_ROOT_CLASS = YES_ERROR;
				CLANG_WARN_SUSPICIOUS_MOVE = YES;
				CLANG_WARN_UNREACHABLE_CODE = YES;
				CLANG_WARN__DUPLICATE_METHOD_MATCH = YES;
				"CODE_SIGN_IDENTITY[sdk=iphoneos*]" = "iPhone Developer";
				COPY_PHASE_STRIP = NO;
				DEBUG_INFORMATION_FORMAT = dwarf;
				ENABLE_STRICT_OBJC_MSGSEND = YES;
				ENABLE_TESTABILITY = YES;
				GCC_C_LANGUAGE_STANDARD = gnu99;
				GCC_DYNAMIC_NO_PIC = NO;
				GCC_NO_COMMON_BLOCKS = YES;
				GCC_OPTIMIZATION_LEVEL = 0;
				GCC_PREPROCESSOR_DEFINITIONS = (
					"DEBUG=1",
					"$(inherited)",
				);
				GCC_WARN_64_TO_32_BIT_CONVERSION = YES;
				GCC_WARN_ABOUT_RETURN_TYPE = YES_ERROR;
				GCC_WARN_UNDECLARED_SELECTOR = YES;
				GCC_WARN_UNINITIALIZED_AUTOS = YES_AGGRESSIVE;
				GCC_WARN_UNUSED_FUNCTION = YES;
				GCC_WARN_UNUSED_VARIABLE = YES;
				IPHONEOS_DEPLOYMENT_TARGET = 10.2;
				MTL_ENABLE_DEBUG_INFO = YES;
				ONLY_ACTIVE_ARCH = YES;
				SDKROOT = iphoneos;
				SWIFT_ACTIVE_COMPILATION_CONDITIONS = DEBUG;
				SWIFT_OPTIMIZATION_LEVEL = "-Onone";
			};
			name = Debug;
		};
		9E04229A1E86B047005DBA4E /* Release */ = {
			isa = XCBuildConfiguration;
			buildSettings = {
				ALWAYS_SEARCH_USER_PATHS = NO;
				CLANG_ANALYZER_NONNULL = YES;
				CLANG_CXX_LANGUAGE_STANDARD = "gnu++0x";
				CLANG_CXX_LIBRARY = "libc++";
				CLANG_ENABLE_MODULES = YES;
				CLANG_ENABLE_OBJC_ARC = YES;
				CLANG_WARN_BOOL_CONVERSION = YES;
				CLANG_WARN_CONSTANT_CONVERSION = YES;
				CLANG_WARN_DIRECT_OBJC_ISA_USAGE = YES_ERROR;
				CLANG_WARN_DOCUMENTATION_COMMENTS = YES;
				CLANG_WARN_EMPTY_BODY = YES;
				CLANG_WARN_ENUM_CONVERSION = YES;
				CLANG_WARN_INFINITE_RECURSION = YES;
				CLANG_WARN_INT_CONVERSION = YES;
				CLANG_WARN_OBJC_ROOT_CLASS = YES_ERROR;
				CLANG_WARN_SUSPICIOUS_MOVE = YES;
				CLANG_WARN_UNREACHABLE_CODE = YES;
				CLANG_WARN__DUPLICATE_METHOD_MATCH = YES;
				"CODE_SIGN_IDENTITY[sdk=iphoneos*]" = "iPhone Developer";
				COPY_PHASE_STRIP = NO;
				DEBUG_INFORMATION_FORMAT = "dwarf-with-dsym";
				ENABLE_NS_ASSERTIONS = NO;
				ENABLE_STRICT_OBJC_MSGSEND = YES;
				GCC_C_LANGUAGE_STANDARD = gnu99;
				GCC_NO_COMMON_BLOCKS = YES;
				GCC_WARN_64_TO_32_BIT_CONVERSION = YES;
				GCC_WARN_ABOUT_RETURN_TYPE = YES_ERROR;
				GCC_WARN_UNDECLARED_SELECTOR = YES;
				GCC_WARN_UNINITIALIZED_AUTOS = YES_AGGRESSIVE;
				GCC_WARN_UNUSED_FUNCTION = YES;
				GCC_WARN_UNUSED_VARIABLE = YES;
				IPHONEOS_DEPLOYMENT_TARGET = 10.2;
				MTL_ENABLE_DEBUG_INFO = NO;
				SDKROOT = iphoneos;
				SWIFT_OPTIMIZATION_LEVEL = "-Owholemodule";
				VALIDATE_PRODUCT = YES;
			};
			name = Release;
		};
		9E04229C1E86B047005DBA4E /* Debug */ = {
			isa = XCBuildConfiguration;
			buildSettings = {
				ASSETCATALOG_COMPILER_APPICON_NAME = AppIcon;
				DEVELOPMENT_TEAM = Z242R9UK5Y;
				INFOPLIST_FILE = hamburguesasEnElMundo/Info.plist;
				LD_RUNPATH_SEARCH_PATHS = "$(inherited) @executable_path/Frameworks";
				PRODUCT_BUNDLE_IDENTIFIER = coursera.hamburguesasEnElMundo;
				PRODUCT_NAME = "$(TARGET_NAME)";
				SWIFT_VERSION = 3.0;
			};
			name = Debug;
		};
		9E04229D1E86B047005DBA4E /* Release */ = {
			isa = XCBuildConfiguration;
			buildSettings = {
				ASSETCATALOG_COMPILER_APPICON_NAME = AppIcon;
				DEVELOPMENT_TEAM = Z242R9UK5Y;
				INFOPLIST_FILE = hamburguesasEnElMundo/Info.plist;
				LD_RUNPATH_SEARCH_PATHS = "$(inherited) @executable_path/Frameworks";
				PRODUCT_BUNDLE_IDENTIFIER = coursera.hamburguesasEnElMundo;
				PRODUCT_NAME = "$(TARGET_NAME)";
				SWIFT_VERSION = 3.0;
			};
			name = Release;
		};
/* End XCBuildConfiguration section */

/* Begin XCConfigurationList section */
		9E0422841E86B046005DBA4E /* Build configuration list for PBXProject "hamburguesasEnElMundo" */ = {
			isa = XCConfigurationList;
			buildConfigurations = (
				9E0422991E86B047005DBA4E /* Debug */,
				9E04229A1E86B047005DBA4E /* Release */,
			);
			defaultConfigurationIsVisible = 0;
			defaultConfigurationName = Release;
		};
		9E04229B1E86B047005DBA4E /* Build configuration list for PBXNativeTarget "hamburguesasEnElMundo" */ = {
			isa = XCConfigurationList;
			buildConfigurations = (
				9E04229C1E86B047005DBA4E /* Debug */,
				9E04229D1E86B047005DBA4E /* Release */,
			);
			defaultConfigurationIsVisible = 0;
		};
/* End XCConfigurationList section */
	};
	rootObject = 9E0422811E86B046005DBA4E /* Project object */;
}
